
Microsoft Visual Studio Solution File, Format Version 12.00
# Visual Studio Version 17
VisualStudioVersion = 17.7.34031.279
MinimumVisualStudioVersion = 10.0.40219.1
Project("{9A19103F-16F7-4668-BE54-9A1E7A4F7556}") = "SistemaGestionBusiness", "SistemaGestionBusiness\SistemaGestionBusiness.csproj", "{718BDF43-775D-42B9-B9CF-55F1F45FB386}"
EndProject
Project("{9A19103F-16F7-4668-BE54-9A1E7A4F7556}") = "SistemaGestionData", "SistemaGestionData\SistemaGestionData.csproj", "{935EC734-3753-4AA3-9C03-2ABA199957F1}"
EndProject
Project("{9A19103F-16F7-4668-BE54-9A1E7A4F7556}") = "SistemaGestionEntities", "SistemaGestionEntities\SistemaGestionEntities.csproj", "{E29A815D-A6D5-4B39-9779-4C8E6F253237}"
EndProject
Project("{FAE04EC0-301F-11D3-BF4B-00C04F79EFBC}") = "SistemaGestionApi", "SistemaGestionApi\SistemaGestionApi.csproj", "{985E3A27-1F4E-40E6-8BB3-361EB6220FAF}"
EndProject
Global
	GlobalSection(SolutionConfigurationPlatforms) = preSolution
		Debug|Any CPU = Debug|Any CPU
		Release|Any CPU = Release|Any CPU
	EndGlobalSection
	GlobalSection(ProjectConfigurationPlatforms) = postSolution
		{718BDF43-775D-42B9-B9CF-55F1F45FB386}.Debug|Any CPU.ActiveCfg = Debug|Any CPU
		{718BDF43-775D-42B9-B9CF-55F1F45FB386}.Debug|Any CPU.Build.0 = Debug|Any CPU
		{718BDF43-775D-42B9-B9CF-55F1F45FB386}.Release|Any CPU.ActiveCfg = Release|Any CPU
		{718BDF43-775D-42B9-B9CF-55F1F45FB386}.Release|Any CPU.Build.0 = Release|Any CPU
		{935EC734-3753-4AA3-9C03-2ABA199957F1}.Debug|Any CPU.ActiveCfg = Debug|Any CPU
		{935EC734-3753-4AA3-9C03-2ABA199957F1}.Debug|Any CPU.Build.0 = Debug|Any CPU
		{935EC734-3753-4AA3-9C03-2ABA199957F1}.Release|Any CPU.ActiveCfg = Release|Any CPU
		{935EC734-3753-4AA3-9C03-2ABA199957F1}.Release|Any CPU.Build.0 = Release|Any CPU
		{E29A815D-A6D5-4B39-9779-4C8E6F253237}.Debug|Any CPU.ActiveCfg = Debug|Any CPU
		{E29A815D-A6D5-4B39-9779-4C8E6F253237}.Debug|Any CPU.Build.0 = Debug|Any CPU
		{E29A815D-A6D5-4B39-9779-4C8E6F253237}.Release|Any CPU.ActiveCfg = Release|Any CPU
		{E29A815D-A6D5-4B39-9779-4C8E6F253237}.Release|Any CPU.Build.0 = Release|Any CPU
		{985E3A27-1F4E-40E6-8BB3-361EB6220FAF}.Debug|Any CPU.ActiveCfg = Debug|Any CPU
		{985E3A27-1F4E-40E6-8BB3-361EB6220FAF}.Debug|Any CPU.Build.0 = Debug|Any CPU
		{985E3A27-1F4E-40E6-8BB3-361EB6220FAF}.Release|Any CPU.ActiveCfg = Release|Any CPU
		{985E3A27-1F4E-40E6-8BB3-361EB6220FAF}.Release|Any CPU.Build.0 = Release|Any CPU
	EndGlobalSection
	GlobalSection(SolutionProperties) = preSolution
		HideSolutionNode = FALSE
	EndGlobalSection
	GlobalSection(ExtensibilityGlobals) = postSolution
		SolutionGuid = {D19DA536-1C8B-4968-9925-2C6B76E568F5}
	EndGlobalSection
EndGlobal
